// !$*UTF8*$!
{
	archiveVersion = 1;
	classes = {
	};
	objectVersion = 55;
	objects = {

/* Begin PBXBuildFile section */
		A8F0265628CFDFE60016B267 /* AppDelegate.swift in Sources */ = {isa = PBXBuildFile; fileRef = A8F0265528CFDFE60016B267 /* AppDelegate.swift */; };
		A8F0265828CFDFE60016B267 /* SceneDelegate.swift in Sources */ = {isa = PBXBuildFile; fileRef = A8F0265728CFDFE60016B267 /* SceneDelegate.swift */; };
		A8F0265A28CFDFE60016B267 /* MainViewController.swift in Sources */ = {isa = PBXBuildFile; fileRef = A8F0265928CFDFE60016B267 /* MainViewController.swift */; };
		A8F0265F28CFDFE70016B267 /* Assets.xcassets in Resources */ = {isa = PBXBuildFile; fileRef = A8F0265E28CFDFE70016B267 /* Assets.xcassets */; };
		A8F0266228CFDFE70016B267 /* LaunchScreen.storyboard in Resources */ = {isa = PBXBuildFile; fileRef = A8F0266028CFDFE70016B267 /* LaunchScreen.storyboard */; };
		A8F0266D28CFDFE70016B267 /* DisneyCharactersTests.swift in Sources */ = {isa = PBXBuildFile; fileRef = A8F0266C28CFDFE70016B267 /* DisneyCharactersTests.swift */; };
		A8F0267728CFDFE70016B267 /* DisneyCharactersUITests.swift in Sources */ = {isa = PBXBuildFile; fileRef = A8F0267628CFDFE70016B267 /* DisneyCharactersUITests.swift */; };
		A8F0267928CFDFE70016B267 /* DisneyCharactersUITestsLaunchTests.swift in Sources */ = {isa = PBXBuildFile; fileRef = A8F0267828CFDFE70016B267 /* DisneyCharactersUITestsLaunchTests.swift */; };
		A8F0268928CFE2D60016B267 /* Coordinator.swift in Sources */ = {isa = PBXBuildFile; fileRef = A8F0268828CFE2D60016B267 /* Coordinator.swift */; };
		A8F0268B28CFE4560016B267 /* MainCoordinator.swift in Sources */ = {isa = PBXBuildFile; fileRef = A8F0268A28CFE4560016B267 /* MainCoordinator.swift */; };
		A8F0268D28CFE68E0016B267 /* MainView.swift in Sources */ = {isa = PBXBuildFile; fileRef = A8F0268C28CFE68E0016B267 /* MainView.swift */; };
		A8F0269128CFF6B80016B267 /* ApiClient.swift in Sources */ = {isa = PBXBuildFile; fileRef = A8F0269028CFF6B80016B267 /* ApiClient.swift */; };
		A8F0269428CFF7A60016B267 /* Character.swift in Sources */ = {isa = PBXBuildFile; fileRef = A8F0269328CFF7A60016B267 /* Character.swift */; };
		A8F026A428CFFBF00016B267 /* ApiClient.framework in Frameworks */ = {isa = PBXBuildFile; fileRef = A8F0269A28CFFBF00016B267 /* ApiClient.framework */; };
		A8F026AF28CFFBF00016B267 /* ApiClient.framework in Frameworks */ = {isa = PBXBuildFile; fileRef = A8F0269A28CFFBF00016B267 /* ApiClient.framework */; };
		A8F026B028CFFBF00016B267 /* ApiClient.framework in Embed Frameworks */ = {isa = PBXBuildFile; fileRef = A8F0269A28CFFBF00016B267 /* ApiClient.framework */; settings = {ATTRIBUTES = (CodeSignOnCopy, RemoveHeadersOnCopy, ); }; };
/* End PBXBuildFile section */

/* Begin PBXContainerItemProxy section */
		A8F0266928CFDFE70016B267 /* PBXContainerItemProxy */ = {
			isa = PBXContainerItemProxy;
			containerPortal = A8F0264A28CFDFE60016B267 /* Project object */;
			proxyType = 1;
			remoteGlobalIDString = A8F0265128CFDFE60016B267;
			remoteInfo = DisneyCharacters;
		};
		A8F0267328CFDFE70016B267 /* PBXContainerItemProxy */ = {
			isa = PBXContainerItemProxy;
			containerPortal = A8F0264A28CFDFE60016B267 /* Project object */;
			proxyType = 1;
			remoteGlobalIDString = A8F0265128CFDFE60016B267;
			remoteInfo = DisneyCharacters;
		};
		A8F026A528CFFBF00016B267 /* PBXContainerItemProxy */ = {
			isa = PBXContainerItemProxy;
			containerPortal = A8F0264A28CFDFE60016B267 /* Project object */;
			proxyType = 1;
			remoteGlobalIDString = A8F0269928CFFBF00016B267;
			remoteInfo = ApiClient;
		};
		A8F026A728CFFBF00016B267 /* PBXContainerItemProxy */ = {
			isa = PBXContainerItemProxy;
			containerPortal = A8F0264A28CFDFE60016B267 /* Project object */;
			proxyType = 1;
			remoteGlobalIDString = A8F0265128CFDFE60016B267;
			remoteInfo = DisneyCharacters;
		};
		A8F026AD28CFFBF00016B267 /* PBXContainerItemProxy */ = {
			isa = PBXContainerItemProxy;
			containerPortal = A8F0264A28CFDFE60016B267 /* Project object */;
			proxyType = 1;
			remoteGlobalIDString = A8F0269928CFFBF00016B267;
			remoteInfo = ApiClient;
		};
/* End PBXContainerItemProxy section */

/* Begin PBXCopyFilesBuildPhase section */
		A8F026B428CFFBF00016B267 /* Embed Frameworks */ = {
			isa = PBXCopyFilesBuildPhase;
			buildActionMask = 2147483647;
			dstPath = "";
			dstSubfolderSpec = 10;
			files = (
				A8F026B028CFFBF00016B267 /* ApiClient.framework in Embed Frameworks */,
			);
			name = "Embed Frameworks";
			runOnlyForDeploymentPostprocessing = 0;
		};
/* End PBXCopyFilesBuildPhase section */

/* Begin PBXFileReference section */
		A8F0265228CFDFE60016B267 /* DisneyCharacters.app */ = {isa = PBXFileReference; explicitFileType = wrapper.application; includeInIndex = 0; path = DisneyCharacters.app; sourceTree = BUILT_PRODUCTS_DIR; };
		A8F0265528CFDFE60016B267 /* AppDelegate.swift */ = {isa = PBXFileReference; lastKnownFileType = sourcecode.swift; path = AppDelegate.swift; sourceTree = "<group>"; };
		A8F0265728CFDFE60016B267 /* SceneDelegate.swift */ = {isa = PBXFileReference; lastKnownFileType = sourcecode.swift; path = SceneDelegate.swift; sourceTree = "<group>"; };
		A8F0265928CFDFE60016B267 /* MainViewController.swift */ = {isa = PBXFileReference; lastKnownFileType = sourcecode.swift; path = MainViewController.swift; sourceTree = "<group>"; };
		A8F0265E28CFDFE70016B267 /* Assets.xcassets */ = {isa = PBXFileReference; lastKnownFileType = folder.assetcatalog; path = Assets.xcassets; sourceTree = "<group>"; };
		A8F0266128CFDFE70016B267 /* Base */ = {isa = PBXFileReference; lastKnownFileType = file.storyboard; name = Base; path = Base.lproj/LaunchScreen.storyboard; sourceTree = "<group>"; };
		A8F0266328CFDFE70016B267 /* Info.plist */ = {isa = PBXFileReference; lastKnownFileType = text.plist.xml; path = Info.plist; sourceTree = "<group>"; };
		A8F0266828CFDFE70016B267 /* DisneyCharactersTests.xctest */ = {isa = PBXFileReference; explicitFileType = wrapper.cfbundle; includeInIndex = 0; path = DisneyCharactersTests.xctest; sourceTree = BUILT_PRODUCTS_DIR; };
		A8F0266C28CFDFE70016B267 /* DisneyCharactersTests.swift */ = {isa = PBXFileReference; lastKnownFileType = sourcecode.swift; path = DisneyCharactersTests.swift; sourceTree = "<group>"; };
		A8F0267228CFDFE70016B267 /* DisneyCharactersUITests.xctest */ = {isa = PBXFileReference; explicitFileType = wrapper.cfbundle; includeInIndex = 0; path = DisneyCharactersUITests.xctest; sourceTree = BUILT_PRODUCTS_DIR; };
		A8F0267628CFDFE70016B267 /* DisneyCharactersUITests.swift */ = {isa = PBXFileReference; lastKnownFileType = sourcecode.swift; path = DisneyCharactersUITests.swift; sourceTree = "<group>"; };
		A8F0267828CFDFE70016B267 /* DisneyCharactersUITestsLaunchTests.swift */ = {isa = PBXFileReference; lastKnownFileType = sourcecode.swift; path = DisneyCharactersUITestsLaunchTests.swift; sourceTree = "<group>"; };
		A8F0268828CFE2D60016B267 /* Coordinator.swift */ = {isa = PBXFileReference; lastKnownFileType = sourcecode.swift; path = Coordinator.swift; sourceTree = "<group>"; };
		A8F0268A28CFE4560016B267 /* MainCoordinator.swift */ = {isa = PBXFileReference; lastKnownFileType = sourcecode.swift; path = MainCoordinator.swift; sourceTree = "<group>"; };
		A8F0268C28CFE68E0016B267 /* MainView.swift */ = {isa = PBXFileReference; lastKnownFileType = sourcecode.swift; path = MainView.swift; sourceTree = "<group>"; };
		A8F0269028CFF6B80016B267 /* ApiClient.swift */ = {isa = PBXFileReference; lastKnownFileType = sourcecode.swift; path = ApiClient.swift; sourceTree = "<group>"; };
		A8F0269328CFF7A60016B267 /* Character.swift */ = {isa = PBXFileReference; lastKnownFileType = sourcecode.swift; path = Character.swift; sourceTree = "<group>"; };
		A8F0269A28CFFBF00016B267 /* ApiClient.framework */ = {isa = PBXFileReference; explicitFileType = wrapper.framework; includeInIndex = 0; path = ApiClient.framework; sourceTree = BUILT_PRODUCTS_DIR; };
		A8F026A328CFFBF00016B267 /* ApiClientTests.xctest */ = {isa = PBXFileReference; explicitFileType = wrapper.cfbundle; includeInIndex = 0; path = ApiClientTests.xctest; sourceTree = BUILT_PRODUCTS_DIR; };
/* End PBXFileReference section */

/* Begin PBXFrameworksBuildPhase section */
		A8F0264F28CFDFE60016B267 /* Frameworks */ = {
			isa = PBXFrameworksBuildPhase;
			buildActionMask = 2147483647;
			files = (
				A8F026AF28CFFBF00016B267 /* ApiClient.framework in Frameworks */,
			);
			runOnlyForDeploymentPostprocessing = 0;
		};
		A8F0266528CFDFE70016B267 /* Frameworks */ = {
			isa = PBXFrameworksBuildPhase;
			buildActionMask = 2147483647;
			files = (
			);
			runOnlyForDeploymentPostprocessing = 0;
		};
		A8F0266F28CFDFE70016B267 /* Frameworks */ = {
			isa = PBXFrameworksBuildPhase;
			buildActionMask = 2147483647;
			files = (
			);
			runOnlyForDeploymentPostprocessing = 0;
		};
		A8F0269728CFFBF00016B267 /* Frameworks */ = {
			isa = PBXFrameworksBuildPhase;
			buildActionMask = 2147483647;
			files = (
			);
			runOnlyForDeploymentPostprocessing = 0;
		};
		A8F026A028CFFBF00016B267 /* Frameworks */ = {
			isa = PBXFrameworksBuildPhase;
			buildActionMask = 2147483647;
			files = (
				A8F026A428CFFBF00016B267 /* ApiClient.framework in Frameworks */,
			);
			runOnlyForDeploymentPostprocessing = 0;
		};
/* End PBXFrameworksBuildPhase section */

/* Begin PBXGroup section */
		A8F0264928CFDFE60016B267 = {
			isa = PBXGroup;
			children = (
				A8F0265428CFDFE60016B267 /* DisneyCharacters */,
				A8F0266B28CFDFE70016B267 /* DisneyCharactersTests */,
				A8F0267528CFDFE70016B267 /* DisneyCharactersUITests */,
				A8F0265328CFDFE60016B267 /* Products */,
			);
			sourceTree = "<group>";
		};
		A8F0265328CFDFE60016B267 /* Products */ = {
			isa = PBXGroup;
			children = (
				A8F0265228CFDFE60016B267 /* DisneyCharacters.app */,
				A8F0266828CFDFE70016B267 /* DisneyCharactersTests.xctest */,
				A8F0267228CFDFE70016B267 /* DisneyCharactersUITests.xctest */,
				A8F0269A28CFFBF00016B267 /* ApiClient.framework */,
				A8F026A328CFFBF00016B267 /* ApiClientTests.xctest */,
			);
			name = Products;
			sourceTree = "<group>";
		};
		A8F0265428CFDFE60016B267 /* DisneyCharacters */ = {
			isa = PBXGroup;
			children = (
				A8F0269228CFF7940016B267 /* Models */,
				A8F0268F28CFEBFB0016B267 /* Coordinators */,
				A8F0265728CFDFE60016B267 /* SceneDelegate.swift */,
				A8F0265528CFDFE60016B267 /* AppDelegate.swift */,
				A8F0268728CFE2AC0016B267 /* Utils */,
				A8F0268628CFE1660016B267 /* Features */,
				A8F0268528CFE1110016B267 /* Resources */,
			);
			path = DisneyCharacters;
			sourceTree = "<group>";
		};
		A8F0266B28CFDFE70016B267 /* DisneyCharactersTests */ = {
			isa = PBXGroup;
			children = (
				A8F0266C28CFDFE70016B267 /* DisneyCharactersTests.swift */,
			);
			path = DisneyCharactersTests;
			sourceTree = "<group>";
		};
		A8F0267528CFDFE70016B267 /* DisneyCharactersUITests */ = {
			isa = PBXGroup;
			children = (
				A8F0267628CFDFE70016B267 /* DisneyCharactersUITests.swift */,
				A8F0267828CFDFE70016B267 /* DisneyCharactersUITestsLaunchTests.swift */,
			);
			path = DisneyCharactersUITests;
			sourceTree = "<group>";
		};
		A8F0268528CFE1110016B267 /* Resources */ = {
			isa = PBXGroup;
			children = (
				A8F0266328CFDFE70016B267 /* Info.plist */,
				A8F0266028CFDFE70016B267 /* LaunchScreen.storyboard */,
				A8F0265E28CFDFE70016B267 /* Assets.xcassets */,
			);
			path = Resources;
			sourceTree = "<group>";
		};
		A8F0268628CFE1660016B267 /* Features */ = {
			isa = PBXGroup;
			children = (
				A8F0265928CFDFE60016B267 /* MainViewController.swift */,
				A8F0268C28CFE68E0016B267 /* MainView.swift */,
			);
			path = Features;
			sourceTree = "<group>";
		};
		A8F0268728CFE2AC0016B267 /* Utils */ = {
			isa = PBXGroup;
			children = (
				A8F0269028CFF6B80016B267 /* ApiClient.swift */,
			);
			path = Utils;
			sourceTree = "<group>";
		};
		A8F0268F28CFEBFB0016B267 /* Coordinators */ = {
			isa = PBXGroup;
			children = (
				A8F0268828CFE2D60016B267 /* Coordinator.swift */,
				A8F0268A28CFE4560016B267 /* MainCoordinator.swift */,
			);
			path = Coordinators;
			sourceTree = "<group>";
		};
		A8F0269228CFF7940016B267 /* Models */ = {
			isa = PBXGroup;
			children = (
				A8F0269328CFF7A60016B267 /* Character.swift */,
			);
			path = Models;
			sourceTree = "<group>";
		};
/* End PBXGroup section */

/* Begin PBXHeadersBuildPhase section */
		A8F0269528CFFBF00016B267 /* Headers */ = {
			isa = PBXHeadersBuildPhase;
			buildActionMask = 2147483647;
			files = (
			);
			runOnlyForDeploymentPostprocessing = 0;
		};
/* End PBXHeadersBuildPhase section */

/* Begin PBXNativeTarget section */
		A8F0265128CFDFE60016B267 /* DisneyCharacters */ = {
			isa = PBXNativeTarget;
			buildConfigurationList = A8F0267C28CFDFE70016B267 /* Build configuration list for PBXNativeTarget "DisneyCharacters" */;
			buildPhases = (
				A8F0264E28CFDFE60016B267 /* Sources */,
				A8F0264F28CFDFE60016B267 /* Frameworks */,
				A8F0265028CFDFE60016B267 /* Resources */,
				A8F026B428CFFBF00016B267 /* Embed Frameworks */,
			);
			buildRules = (
			);
			dependencies = (
				A8F026AE28CFFBF00016B267 /* PBXTargetDependency */,
			);
			name = DisneyCharacters;
			productName = DisneyCharacters;
			productReference = A8F0265228CFDFE60016B267 /* DisneyCharacters.app */;
			productType = "com.apple.product-type.application";
		};
		A8F0266728CFDFE70016B267 /* DisneyCharactersTests */ = {
			isa = PBXNativeTarget;
			buildConfigurationList = A8F0267F28CFDFE70016B267 /* Build configuration list for PBXNativeTarget "DisneyCharactersTests" */;
			buildPhases = (
				A8F0266428CFDFE70016B267 /* Sources */,
				A8F0266528CFDFE70016B267 /* Frameworks */,
				A8F0266628CFDFE70016B267 /* Resources */,
			);
			buildRules = (
			);
			dependencies = (
				A8F0266A28CFDFE70016B267 /* PBXTargetDependency */,
			);
			name = DisneyCharactersTests;
			productName = DisneyCharactersTests;
			productReference = A8F0266828CFDFE70016B267 /* DisneyCharactersTests.xctest */;
			productType = "com.apple.product-type.bundle.unit-test";
		};
		A8F0267128CFDFE70016B267 /* DisneyCharactersUITests */ = {
			isa = PBXNativeTarget;
			buildConfigurationList = A8F0268228CFDFE70016B267 /* Build configuration list for PBXNativeTarget "DisneyCharactersUITests" */;
			buildPhases = (
				A8F0266E28CFDFE70016B267 /* Sources */,
				A8F0266F28CFDFE70016B267 /* Frameworks */,
				A8F0267028CFDFE70016B267 /* Resources */,
			);
			buildRules = (
			);
			dependencies = (
				A8F0267428CFDFE70016B267 /* PBXTargetDependency */,
			);
			name = DisneyCharactersUITests;
			productName = DisneyCharactersUITests;
			productReference = A8F0267228CFDFE70016B267 /* DisneyCharactersUITests.xctest */;
			productType = "com.apple.product-type.bundle.ui-testing";
		};
		A8F0269928CFFBF00016B267 /* ApiClient */ = {
			isa = PBXNativeTarget;
			buildConfigurationList = A8F026B128CFFBF00016B267 /* Build configuration list for PBXNativeTarget "ApiClient" */;
			buildPhases = (
				A8F0269528CFFBF00016B267 /* Headers */,
				A8F0269628CFFBF00016B267 /* Sources */,
				A8F0269728CFFBF00016B267 /* Frameworks */,
				A8F0269828CFFBF00016B267 /* Resources */,
			);
			buildRules = (
			);
			dependencies = (
			);
			name = ApiClient;
			productName = ApiClient;
			productReference = A8F0269A28CFFBF00016B267 /* ApiClient.framework */;
			productType = "com.apple.product-type.framework";
		};
		A8F026A228CFFBF00016B267 /* ApiClientTests */ = {
			isa = PBXNativeTarget;
			buildConfigurationList = A8F026B528CFFBF00016B267 /* Build configuration list for PBXNativeTarget "ApiClientTests" */;
			buildPhases = (
				A8F0269F28CFFBF00016B267 /* Sources */,
				A8F026A028CFFBF00016B267 /* Frameworks */,
				A8F026A128CFFBF00016B267 /* Resources */,
			);
			buildRules = (
			);
			dependencies = (
				A8F026A628CFFBF00016B267 /* PBXTargetDependency */,
				A8F026A828CFFBF00016B267 /* PBXTargetDependency */,
			);
			name = ApiClientTests;
			productName = ApiClientTests;
			productReference = A8F026A328CFFBF00016B267 /* ApiClientTests.xctest */;
			productType = "com.apple.product-type.bundle.unit-test";
		};
/* End PBXNativeTarget section */

/* Begin PBXProject section */
		A8F0264A28CFDFE60016B267 /* Project object */ = {
			isa = PBXProject;
			attributes = {
				BuildIndependentTargetsInParallel = 1;
				LastSwiftUpdateCheck = 1340;
				LastUpgradeCheck = 1340;
				TargetAttributes = {
					A8F0265128CFDFE60016B267 = {
						CreatedOnToolsVersion = 13.4.1;
					};
					A8F0266728CFDFE70016B267 = {
						CreatedOnToolsVersion = 13.4.1;
						TestTargetID = A8F0265128CFDFE60016B267;
					};
					A8F0267128CFDFE70016B267 = {
						CreatedOnToolsVersion = 13.4.1;
						TestTargetID = A8F0265128CFDFE60016B267;
					};
					A8F0269928CFFBF00016B267 = {
						CreatedOnToolsVersion = 13.4.1;
					};
					A8F026A228CFFBF00016B267 = {
						CreatedOnToolsVersion = 13.4.1;
						TestTargetID = A8F0265128CFDFE60016B267;
					};
				};
			};
			buildConfigurationList = A8F0264D28CFDFE60016B267 /* Build configuration list for PBXProject "DisneyCharacters" */;
			compatibilityVersion = "Xcode 13.0";
			developmentRegion = en;
			hasScannedForEncodings = 0;
			knownRegions = (
				en,
				Base,
			);
			mainGroup = A8F0264928CFDFE60016B267;
			productRefGroup = A8F0265328CFDFE60016B267 /* Products */;
			projectDirPath = "";
			projectRoot = "";
			targets = (
				A8F0265128CFDFE60016B267 /* DisneyCharacters */,
				A8F0266728CFDFE70016B267 /* DisneyCharactersTests */,
				A8F0267128CFDFE70016B267 /* DisneyCharactersUITests */,
				A8F0269928CFFBF00016B267 /* ApiClient */,
				A8F026A228CFFBF00016B267 /* ApiClientTests */,
			);
		};
/* End PBXProject section */

/* Begin PBXResourcesBuildPhase section */
		A8F0265028CFDFE60016B267 /* Resources */ = {
			isa = PBXResourcesBuildPhase;
			buildActionMask = 2147483647;
			files = (
				A8F0266228CFDFE70016B267 /* LaunchScreen.storyboard in Resources */,
				A8F0265F28CFDFE70016B267 /* Assets.xcassets in Resources */,
			);
			runOnlyForDeploymentPostprocessing = 0;
		};
		A8F0266628CFDFE70016B267 /* Resources */ = {
			isa = PBXResourcesBuildPhase;
			buildActionMask = 2147483647;
			files = (
			);
			runOnlyForDeploymentPostprocessing = 0;
		};
		A8F0267028CFDFE70016B267 /* Resources */ = {
			isa = PBXResourcesBuildPhase;
			buildActionMask = 2147483647;
			files = (
			);
			runOnlyForDeploymentPostprocessing = 0;
		};
		A8F0269828CFFBF00016B267 /* Resources */ = {
			isa = PBXResourcesBuildPhase;
			buildActionMask = 2147483647;
			files = (
			);
			runOnlyForDeploymentPostprocessing = 0;
		};
		A8F026A128CFFBF00016B267 /* Resources */ = {
			isa = PBXResourcesBuildPhase;
			buildActionMask = 2147483647;
			files = (
			);
			runOnlyForDeploymentPostprocessing = 0;
		};
/* End PBXResourcesBuildPhase section */

/* Begin PBXSourcesBuildPhase section */
		A8F0264E28CFDFE60016B267 /* Sources */ = {
			isa = PBXSourcesBuildPhase;
			buildActionMask = 2147483647;
			files = (
				A8F0269128CFF6B80016B267 /* ApiClient.swift in Sources */,
				A8F0268928CFE2D60016B267 /* Coordinator.swift in Sources */,
				A8F0268D28CFE68E0016B267 /* MainView.swift in Sources */,
				A8F0265A28CFDFE60016B267 /* MainViewController.swift in Sources */,
				A8F0265628CFDFE60016B267 /* AppDelegate.swift in Sources */,
				A8F0268B28CFE4560016B267 /* MainCoordinator.swift in Sources */,
				A8F0265828CFDFE60016B267 /* SceneDelegate.swift in Sources */,
				A8F0269428CFF7A60016B267 /* Character.swift in Sources */,
			);
			runOnlyForDeploymentPostprocessing = 0;
		};
		A8F0266428CFDFE70016B267 /* Sources */ = {
			isa = PBXSourcesBuildPhase;
			buildActionMask = 2147483647;
			files = (
				A8F0266D28CFDFE70016B267 /* DisneyCharactersTests.swift in Sources */,
			);
			runOnlyForDeploymentPostprocessing = 0;
		};
		A8F0266E28CFDFE70016B267 /* Sources */ = {
			isa = PBXSourcesBuildPhase;
			buildActionMask = 2147483647;
			files = (
				A8F0267928CFDFE70016B267 /* DisneyCharactersUITestsLaunchTests.swift in Sources */,
				A8F0267728CFDFE70016B267 /* DisneyCharactersUITests.swift in Sources */,
			);
			runOnlyForDeploymentPostprocessing = 0;
		};
		A8F0269628CFFBF00016B267 /* Sources */ = {
			isa = PBXSourcesBuildPhase;
			buildActionMask = 2147483647;
			files = (
			);
			runOnlyForDeploymentPostprocessing = 0;
		};
		A8F0269F28CFFBF00016B267 /* Sources */ = {
			isa = PBXSourcesBuildPhase;
			buildActionMask = 2147483647;
			files = (
			);
			runOnlyForDeploymentPostprocessing = 0;
		};
/* End PBXSourcesBuildPhase section */

/* Begin PBXTargetDependency section */
		A8F0266A28CFDFE70016B267 /* PBXTargetDependency */ = {
			isa = PBXTargetDependency;
			target = A8F0265128CFDFE60016B267 /* DisneyCharacters */;
			targetProxy = A8F0266928CFDFE70016B267 /* PBXContainerItemProxy */;
		};
		A8F0267428CFDFE70016B267 /* PBXTargetDependency */ = {
			isa = PBXTargetDependency;
			target = A8F0265128CFDFE60016B267 /* DisneyCharacters */;
			targetProxy = A8F0267328CFDFE70016B267 /* PBXContainerItemProxy */;
		};
		A8F026A628CFFBF00016B267 /* PBXTargetDependency */ = {
			isa = PBXTargetDependency;
			target = A8F0269928CFFBF00016B267 /* ApiClient */;
			targetProxy = A8F026A528CFFBF00016B267 /* PBXContainerItemProxy */;
		};
		A8F026A828CFFBF00016B267 /* PBXTargetDependency */ = {
			isa = PBXTargetDependency;
			target = A8F0265128CFDFE60016B267 /* DisneyCharacters */;
			targetProxy = A8F026A728CFFBF00016B267 /* PBXContainerItemProxy */;
		};
		A8F026AE28CFFBF00016B267 /* PBXTargetDependency */ = {
			isa = PBXTargetDependency;
			target = A8F0269928CFFBF00016B267 /* ApiClient */;
			targetProxy = A8F026AD28CFFBF00016B267 /* PBXContainerItemProxy */;
		};
/* End PBXTargetDependency section */

/* Begin PBXVariantGroup section */
		A8F0266028CFDFE70016B267 /* LaunchScreen.storyboard */ = {
			isa = PBXVariantGroup;
			children = (
				A8F0266128CFDFE70016B267 /* Base */,
			);
			name = LaunchScreen.storyboard;
			sourceTree = "<group>";
		};
/* End PBXVariantGroup section */

/* Begin XCBuildConfiguration section */
		A8F0267A28CFDFE70016B267 /* Debug */ = {
			isa = XCBuildConfiguration;
			buildSettings = {
				ALWAYS_SEARCH_USER_PATHS = NO;
				CLANG_ANALYZER_NONNULL = YES;
				CLANG_ANALYZER_NUMBER_OBJECT_CONVERSION = YES_AGGRESSIVE;
				CLANG_CXX_LANGUAGE_STANDARD = "gnu++17";
				CLANG_ENABLE_MODULES = YES;
				CLANG_ENABLE_OBJC_ARC = YES;
				CLANG_ENABLE_OBJC_WEAK = YES;
				CLANG_WARN_BLOCK_CAPTURE_AUTORELEASING = YES;
				CLANG_WARN_BOOL_CONVERSION = YES;
				CLANG_WARN_COMMA = YES;
				CLANG_WARN_CONSTANT_CONVERSION = YES;
				CLANG_WARN_DEPRECATED_OBJC_IMPLEMENTATIONS = YES;
				CLANG_WARN_DIRECT_OBJC_ISA_USAGE = YES_ERROR;
				CLANG_WARN_DOCUMENTATION_COMMENTS = YES;
				CLANG_WARN_EMPTY_BODY = YES;
				CLANG_WARN_ENUM_CONVERSION = YES;
				CLANG_WARN_INFINITE_RECURSION = YES;
				CLANG_WARN_INT_CONVERSION = YES;
				CLANG_WARN_NON_LITERAL_NULL_CONVERSION = YES;
				CLANG_WARN_OBJC_IMPLICIT_RETAIN_SELF = YES;
				CLANG_WARN_OBJC_LITERAL_CONVERSION = YES;
				CLANG_WARN_OBJC_ROOT_CLASS = YES_ERROR;
				CLANG_WARN_QUOTED_INCLUDE_IN_FRAMEWORK_HEADER = YES;
				CLANG_WARN_RANGE_LOOP_ANALYSIS = YES;
				CLANG_WARN_STRICT_PROTOTYPES = YES;
				CLANG_WARN_SUSPICIOUS_MOVE = YES;
				CLANG_WARN_UNGUARDED_AVAILABILITY = YES_AGGRESSIVE;
				CLANG_WARN_UNREACHABLE_CODE = YES;
				CLANG_WARN__DUPLICATE_METHOD_MATCH = YES;
				COPY_PHASE_STRIP = NO;
				DEBUG_INFORMATION_FORMAT = dwarf;
				ENABLE_STRICT_OBJC_MSGSEND = YES;
				ENABLE_TESTABILITY = YES;
				GCC_C_LANGUAGE_STANDARD = gnu11;
				GCC_DYNAMIC_NO_PIC = NO;
				GCC_NO_COMMON_BLOCKS = YES;
				GCC_OPTIMIZATION_LEVEL = 0;
				GCC_PREPROCESSOR_DEFINITIONS = (
					"DEBUG=1",
					"$(inherited)",
				);
				GCC_WARN_64_TO_32_BIT_CONVERSION = YES;
				GCC_WARN_ABOUT_RETURN_TYPE = YES_ERROR;
				GCC_WARN_UNDECLARED_SELECTOR = YES;
				GCC_WARN_UNINITIALIZED_AUTOS = YES_AGGRESSIVE;
				GCC_WARN_UNUSED_FUNCTION = YES;
				GCC_WARN_UNUSED_VARIABLE = YES;
				IPHONEOS_DEPLOYMENT_TARGET = 15.5;
				MTL_ENABLE_DEBUG_INFO = INCLUDE_SOURCE;
				MTL_FAST_MATH = YES;
				ONLY_ACTIVE_ARCH = YES;
				SDKROOT = iphoneos;
				SWIFT_ACTIVE_COMPILATION_CONDITIONS = DEBUG;
				SWIFT_OPTIMIZATION_LEVEL = "-Onone";
			};
			name = Debug;
		};
		A8F0267B28CFDFE70016B267 /* Release */ = {
			isa = XCBuildConfiguration;
			buildSettings = {
				ALWAYS_SEARCH_USER_PATHS = NO;
				CLANG_ANALYZER_NONNULL = YES;
				CLANG_ANALYZER_NUMBER_OBJECT_CONVERSION = YES_AGGRESSIVE;
				CLANG_CXX_LANGUAGE_STANDARD = "gnu++17";
				CLANG_ENABLE_MODULES = YES;
				CLANG_ENABLE_OBJC_ARC = YES;
				CLANG_ENABLE_OBJC_WEAK = YES;
				CLANG_WARN_BLOCK_CAPTURE_AUTORELEASING = YES;
				CLANG_WARN_BOOL_CONVERSION = YES;
				CLANG_WARN_COMMA = YES;
				CLANG_WARN_CONSTANT_CONVERSION = YES;
				CLANG_WARN_DEPRECATED_OBJC_IMPLEMENTATIONS = YES;
				CLANG_WARN_DIRECT_OBJC_ISA_USAGE = YES_ERROR;
				CLANG_WARN_DOCUMENTATION_COMMENTS = YES;
				CLANG_WARN_EMPTY_BODY = YES;
				CLANG_WARN_ENUM_CONVERSION = YES;
				CLANG_WARN_INFINITE_RECURSION = YES;
				CLANG_WARN_INT_CONVERSION = YES;
				CLANG_WARN_NON_LITERAL_NULL_CONVERSION = YES;
				CLANG_WARN_OBJC_IMPLICIT_RETAIN_SELF = YES;
				CLANG_WARN_OBJC_LITERAL_CONVERSION = YES;
				CLANG_WARN_OBJC_ROOT_CLASS = YES_ERROR;
				CLANG_WARN_QUOTED_INCLUDE_IN_FRAMEWORK_HEADER = YES;
				CLANG_WARN_RANGE_LOOP_ANALYSIS = YES;
				CLANG_WARN_STRICT_PROTOTYPES = YES;
				CLANG_WARN_SUSPICIOUS_MOVE = YES;
				CLANG_WARN_UNGUARDED_AVAILABILITY = YES_AGGRESSIVE;
				CLANG_WARN_UNREACHABLE_CODE = YES;
				CLANG_WARN__DUPLICATE_METHOD_MATCH = YES;
				COPY_PHASE_STRIP = NO;
				DEBUG_INFORMATION_FORMAT = "dwarf-with-dsym";
				ENABLE_NS_ASSERTIONS = NO;
				ENABLE_STRICT_OBJC_MSGSEND = YES;
				GCC_C_LANGUAGE_STANDARD = gnu11;
				GCC_NO_COMMON_BLOCKS = YES;
				GCC_WARN_64_TO_32_BIT_CONVERSION = YES;
				GCC_WARN_ABOUT_RETURN_TYPE = YES_ERROR;
				GCC_WARN_UNDECLARED_SELECTOR = YES;
				GCC_WARN_UNINITIALIZED_AUTOS = YES_AGGRESSIVE;
				GCC_WARN_UNUSED_FUNCTION = YES;
				GCC_WARN_UNUSED_VARIABLE = YES;
				IPHONEOS_DEPLOYMENT_TARGET = 15.5;
				MTL_ENABLE_DEBUG_INFO = NO;
				MTL_FAST_MATH = YES;
				SDKROOT = iphoneos;
				SWIFT_COMPILATION_MODE = wholemodule;
				SWIFT_OPTIMIZATION_LEVEL = "-O";
				VALIDATE_PRODUCT = YES;
			};
			name = Release;
		};
		A8F0267D28CFDFE70016B267 /* Debug */ = {
			isa = XCBuildConfiguration;
			buildSettings = {
				ASSETCATALOG_COMPILER_APPICON_NAME = AppIcon;
				ASSETCATALOG_COMPILER_GLOBAL_ACCENT_COLOR_NAME = AccentColor;
				CODE_SIGN_STYLE = Automatic;
				CURRENT_PROJECT_VERSION = 1;
				DEVELOPMENT_TEAM = CSZNQJVVWQ;
				GENERATE_INFOPLIST_FILE = YES;
				INFOPLIST_FILE = DisneyCharacters/Resources/Info.plist;
				INFOPLIST_KEY_UIApplicationSupportsIndirectInputEvents = YES;
				INFOPLIST_KEY_UILaunchStoryboardName = LaunchScreen;
				INFOPLIST_KEY_UISupportedInterfaceOrientations_iPad = "UIInterfaceOrientationPortrait UIInterfaceOrientationPortraitUpsideDown UIInterfaceOrientationLandscapeLeft UIInterfaceOrientationLandscapeRight";
				INFOPLIST_KEY_UISupportedInterfaceOrientations_iPhone = "UIInterfaceOrientationPortrait UIInterfaceOrientationLandscapeLeft UIInterfaceOrientationLandscapeRight";
				LD_RUNPATH_SEARCH_PATHS = (
					"$(inherited)",
					"@executable_path/Frameworks",
				);
				MARKETING_VERSION = 1.0;
				PRODUCT_BUNDLE_IDENTIFIER = kraszewski.pawel.DisneyCharacters;
				PRODUCT_NAME = "$(TARGET_NAME)";
				SWIFT_EMIT_LOC_STRINGS = YES;
				SWIFT_VERSION = 5.0;
				TARGETED_DEVICE_FAMILY = "1,2";
			};
			name = Debug;
		};
		A8F0267E28CFDFE70016B267 /* Release */ = {
			isa = XCBuildConfiguration;
			buildSettings = {
				ASSETCATALOG_COMPILER_APPICON_NAME = AppIcon;
				ASSETCATALOG_COMPILER_GLOBAL_ACCENT_COLOR_NAME = AccentColor;
				CODE_SIGN_STYLE = Automatic;
				CURRENT_PROJECT_VERSION = 1;
				DEVELOPMENT_TEAM = CSZNQJVVWQ;
				GENERATE_INFOPLIST_FILE = YES;
				INFOPLIST_FILE = DisneyCharacters/Resources/Info.plist;
				INFOPLIST_KEY_UIApplicationSupportsIndirectInputEvents = YES;
				INFOPLIST_KEY_UILaunchStoryboardName = LaunchScreen;
				INFOPLIST_KEY_UISupportedInterfaceOrientations_iPad = "UIInterfaceOrientationPortrait UIInterfaceOrientationPortraitUpsideDown UIInterfaceOrientationLandscapeLeft UIInterfaceOrientationLandscapeRight";
				INFOPLIST_KEY_UISupportedInterfaceOrientations_iPhone = "UIInterfaceOrientationPortrait UIInterfaceOrientationLandscapeLeft UIInterfaceOrientationLandscapeRight";
				LD_RUNPATH_SEARCH_PATHS = (
					"$(inherited)",
					"@executable_path/Frameworks",
				);
				MARKETING_VERSION = 1.0;
				PRODUCT_BUNDLE_IDENTIFIER = kraszewski.pawel.DisneyCharacters;
				PRODUCT_NAME = "$(TARGET_NAME)";
				SWIFT_EMIT_LOC_STRINGS = YES;
				SWIFT_VERSION = 5.0;
				TARGETED_DEVICE_FAMILY = "1,2";
			};
			name = Release;
		};
		A8F0268028CFDFE70016B267 /* Debug */ = {
			isa = XCBuildConfiguration;
			buildSettings = {
				ALWAYS_EMBED_SWIFT_STANDARD_LIBRARIES = YES;
				BUNDLE_LOADER = "$(TEST_HOST)";
				CODE_SIGN_STYLE = Automatic;
				CURRENT_PROJECT_VERSION = 1;
				DEVELOPMENT_TEAM = CSZNQJVVWQ;
				GENERATE_INFOPLIST_FILE = YES;
				IPHONEOS_DEPLOYMENT_TARGET = 15.5;
				MARKETING_VERSION = 1.0;
				PRODUCT_BUNDLE_IDENTIFIER = kraszewski.pawel.DisneyCharactersTests;
				PRODUCT_NAME = "$(TARGET_NAME)";
				SWIFT_EMIT_LOC_STRINGS = NO;
				SWIFT_VERSION = 5.0;
				TARGETED_DEVICE_FAMILY = "1,2";
				TEST_HOST = "$(BUILT_PRODUCTS_DIR)/DisneyCharacters.app/DisneyCharacters";
			};
			name = Debug;
		};
		A8F0268128CFDFE70016B267 /* Release */ = {
			isa = XCBuildConfiguration;
			buildSettings = {
				ALWAYS_EMBED_SWIFT_STANDARD_LIBRARIES = YES;
				BUNDLE_LOADER = "$(TEST_HOST)";
				CODE_SIGN_STYLE = Automatic;
				CURRENT_PROJECT_VERSION = 1;
				DEVELOPMENT_TEAM = CSZNQJVVWQ;
				GENERATE_INFOPLIST_FILE = YES;
				IPHONEOS_DEPLOYMENT_TARGET = 15.5;
				MARKETING_VERSION = 1.0;
				PRODUCT_BUNDLE_IDENTIFIER = kraszewski.pawel.DisneyCharactersTests;
				PRODUCT_NAME = "$(TARGET_NAME)";
				SWIFT_EMIT_LOC_STRINGS = NO;
				SWIFT_VERSION = 5.0;
				TARGETED_DEVICE_FAMILY = "1,2";
				TEST_HOST = "$(BUILT_PRODUCTS_DIR)/DisneyCharacters.app/DisneyCharacters";
			};
			name = Release;
		};
		A8F0268328CFDFE70016B267 /* Debug */ = {
			isa = XCBuildConfiguration;
			buildSettings = {
				ALWAYS_EMBED_SWIFT_STANDARD_LIBRARIES = YES;
				CODE_SIGN_STYLE = Automatic;
				CURRENT_PROJECT_VERSION = 1;
				DEVELOPMENT_TEAM = CSZNQJVVWQ;
				GENERATE_INFOPLIST_FILE = YES;
				MARKETING_VERSION = 1.0;
				PRODUCT_BUNDLE_IDENTIFIER = kraszewski.pawel.DisneyCharactersUITests;
				PRODUCT_NAME = "$(TARGET_NAME)";
				SWIFT_EMIT_LOC_STRINGS = NO;
				SWIFT_VERSION = 5.0;
				TARGETED_DEVICE_FAMILY = "1,2";
				TEST_TARGET_NAME = DisneyCharacters;
			};
			name = Debug;
		};
		A8F0268428CFDFE70016B267 /* Release */ = {
			isa = XCBuildConfiguration;
			buildSettings = {
				ALWAYS_EMBED_SWIFT_STANDARD_LIBRARIES = YES;
				CODE_SIGN_STYLE = Automatic;
				CURRENT_PROJECT_VERSION = 1;
				DEVELOPMENT_TEAM = CSZNQJVVWQ;
				GENERATE_INFOPLIST_FILE = YES;
				MARKETING_VERSION = 1.0;
				PRODUCT_BUNDLE_IDENTIFIER = kraszewski.pawel.DisneyCharactersUITests;
				PRODUCT_NAME = "$(TARGET_NAME)";
				SWIFT_EMIT_LOC_STRINGS = NO;
				SWIFT_VERSION = 5.0;
				TARGETED_DEVICE_FAMILY = "1,2";
				TEST_TARGET_NAME = DisneyCharacters;
			};
			name = Release;
		};
		A8F026B228CFFBF00016B267 /* Debug */ = {
			isa = XCBuildConfiguration;
			buildSettings = {
				CODE_SIGN_STYLE = Automatic;
				CURRENT_PROJECT_VERSION = 1;
				DEFINES_MODULE = YES;
				DEVELOPMENT_TEAM = CSZNQJVVWQ;
				DYLIB_COMPATIBILITY_VERSION = 1;
				DYLIB_CURRENT_VERSION = 1;
				DYLIB_INSTALL_NAME_BASE = "@rpath";
				GENERATE_INFOPLIST_FILE = YES;
				INFOPLIST_KEY_NSHumanReadableCopyright = "";
				INSTALL_PATH = "$(LOCAL_LIBRARY_DIR)/Frameworks";
				LD_RUNPATH_SEARCH_PATHS = (
					"$(inherited)",
					"@executable_path/Frameworks",
					"@loader_path/Frameworks",
				);
				MARKETING_VERSION = 1.0;
				PRODUCT_BUNDLE_IDENTIFIER = kraszewski.pawel.ApiClient;
				PRODUCT_NAME = "$(TARGET_NAME:c99extidentifier)";
				SKIP_INSTALL = YES;
				SWIFT_EMIT_LOC_STRINGS = YES;
				SWIFT_VERSION = 5.0;
				TARGETED_DEVICE_FAMILY = "1,2";
				VERSIONING_SYSTEM = "apple-generic";
				VERSION_INFO_PREFIX = "";
			};
			name = Debug;
		};
		A8F026B328CFFBF00016B267 /* Release */ = {
			isa = XCBuildConfiguration;
			buildSettings = {
				CODE_SIGN_STYLE = Automatic;
				CURRENT_PROJECT_VERSION = 1;
				DEFINES_MODULE = YES;
				DEVELOPMENT_TEAM = CSZNQJVVWQ;
				DYLIB_COMPATIBILITY_VERSION = 1;
				DYLIB_CURRENT_VERSION = 1;
				DYLIB_INSTALL_NAME_BASE = "@rpath";
				GENERATE_INFOPLIST_FILE = YES;
				INFOPLIST_KEY_NSHumanReadableCopyright = "";
				INSTALL_PATH = "$(LOCAL_LIBRARY_DIR)/Frameworks";
				LD_RUNPATH_SEARCH_PATHS = (
					"$(inherited)",
					"@executable_path/Frameworks",
					"@loader_path/Frameworks",
				);
				MARKETING_VERSION = 1.0;
				PRODUCT_BUNDLE_IDENTIFIER = kraszewski.pawel.ApiClient;
				PRODUCT_NAME = "$(TARGET_NAME:c99extidentifier)";
				SKIP_INSTALL = YES;
				SWIFT_EMIT_LOC_STRINGS = YES;
				SWIFT_VERSION = 5.0;
				TARGETED_DEVICE_FAMILY = "1,2";
				VERSIONING_SYSTEM = "apple-generic";
				VERSION_INFO_PREFIX = "";
			};
			name = Release;
		};
		A8F026B628CFFBF00016B267 /* Debug */ = {
			isa = XCBuildConfiguration;
			buildSettings = {
				ALWAYS_EMBED_SWIFT_STANDARD_LIBRARIES = YES;
				CODE_SIGN_STYLE = Automatic;
				CURRENT_PROJECT_VERSION = 1;
				DEVELOPMENT_TEAM = CSZNQJVVWQ;
				GENERATE_INFOPLIST_FILE = YES;
				MARKETING_VERSION = 1.0;
				PRODUCT_BUNDLE_IDENTIFIER = kraszewski.pawel.ApiClientTests;
				PRODUCT_NAME = "$(TARGET_NAME)";
				SWIFT_EMIT_LOC_STRINGS = NO;
				SWIFT_VERSION = 5.0;
				TARGETED_DEVICE_FAMILY = "1,2";
				TEST_HOST = "$(BUILT_PRODUCTS_DIR)/DisneyCharacters.app/DisneyCharacters";
			};
			name = Debug;
		};
		A8F026B728CFFBF00016B267 /* Release */ = {
			isa = XCBuildConfiguration;
			buildSettings = {
				ALWAYS_EMBED_SWIFT_STANDARD_LIBRARIES = YES;
				CODE_SIGN_STYLE = Automatic;
				CURRENT_PROJECT_VERSION = 1;
				DEVELOPMENT_TEAM = CSZNQJVVWQ;
				GENERATE_INFOPLIST_FILE = YES;
				MARKETING_VERSION = 1.0;
				PRODUCT_BUNDLE_IDENTIFIER = kraszewski.pawel.ApiClientTests;
				PRODUCT_NAME = "$(TARGET_NAME)";
				SWIFT_EMIT_LOC_STRINGS = NO;
				SWIFT_VERSION = 5.0;
				TARGETED_DEVICE_FAMILY = "1,2";
				TEST_HOST = "$(BUILT_PRODUCTS_DIR)/DisneyCharacters.app/DisneyCharacters";
			};
			name = Release;
		};
/* End XCBuildConfiguration section */

/* Begin XCConfigurationList section */
		A8F0264D28CFDFE60016B267 /* Build configuration list for PBXProject "DisneyCharacters" */ = {
			isa = XCConfigurationList;
			buildConfigurations = (
				A8F0267A28CFDFE70016B267 /* Debug */,
				A8F0267B28CFDFE70016B267 /* Release */,
			);
			defaultConfigurationIsVisible = 0;
			defaultConfigurationName = Release;
		};
		A8F0267C28CFDFE70016B267 /* Build configuration list for PBXNativeTarget "DisneyCharacters" */ = {
			isa = XCConfigurationList;
			buildConfigurations = (
				A8F0267D28CFDFE70016B267 /* Debug */,
				A8F0267E28CFDFE70016B267 /* Release */,
			);
			defaultConfigurationIsVisible = 0;
			defaultConfigurationName = Release;
		};
		A8F0267F28CFDFE70016B267 /* Build configuration list for PBXNativeTarget "DisneyCharactersTests" */ = {
			isa = XCConfigurationList;
			buildConfigurations = (
				A8F0268028CFDFE70016B267 /* Debug */,
				A8F0268128CFDFE70016B267 /* Release */,
			);
			defaultConfigurationIsVisible = 0;
			defaultConfigurationName = Release;
		};
		A8F0268228CFDFE70016B267 /* Build configuration list for PBXNativeTarget "DisneyCharactersUITests" */ = {
			isa = XCConfigurationList;
			buildConfigurations = (
				A8F0268328CFDFE70016B267 /* Debug */,
				A8F0268428CFDFE70016B267 /* Release */,
			);
			defaultConfigurationIsVisible = 0;
			defaultConfigurationName = Release;
		};
		A8F026B128CFFBF00016B267 /* Build configuration list for PBXNativeTarget "ApiClient" */ = {
			isa = XCConfigurationList;
			buildConfigurations = (
				A8F026B228CFFBF00016B267 /* Debug */,
				A8F026B328CFFBF00016B267 /* Release */,
			);
			defaultConfigurationIsVisible = 0;
			defaultConfigurationName = Release;
		};
		A8F026B528CFFBF00016B267 /* Build configuration list for PBXNativeTarget "ApiClientTests" */ = {
			isa = XCConfigurationList;
			buildConfigurations = (
				A8F026B628CFFBF00016B267 /* Debug */,
				A8F026B728CFFBF00016B267 /* Release */,
			);
			defaultConfigurationIsVisible = 0;
			defaultConfigurationName = Release;
		};
/* End XCConfigurationList section */
	};
	rootObject = A8F0264A28CFDFE60016B267 /* Project object */;
}
